
Microsoft Visual Studio Solution File, Format Version 12.00
# Visual Studio 2012
Project("{FAE04EC0-301F-11D3-BF4B-00C04F79EFBC}") = "MvcSite", "MvcSite\MvcSite.csproj", "{8E36B002-CC2D-4FD4-B583-30BBF8E56520}"
EndProject
Global
	GlobalSection(SolutionConfigurationPlatforms) = preSolution
		Debug|Any CPU = Debug|Any CPU
		Release|Any CPU = Release|Any CPU
	EndGlobalSection
	GlobalSection(ProjectConfigurationPlatforms) = postSolution
		{8E36B002-CC2D-4FD4-B583-30BBF8E56520}.Debug|Any CPU.ActiveCfg = Debug|Any CPU
		{8E36B002-CC2D-4FD4-B583-30BBF8E56520}.Debug|Any CPU.Build.0 = Debug|Any CPU
		{8E36B002-CC2D-4FD4-B583-30BBF8E56520}.Release|Any CPU.ActiveCfg = Release|Any CPU
		{8E36B002-CC2D-4FD4-B583-30BBF8E56520}.Release|Any CPU.Build.0 = Release|Any CPU
	EndGlobalSection
	GlobalSection(SolutionProperties) = preSolution
		HideSolutionNode = FALSE
	EndGlobalSection
EndGlobal
